
Microsoft Visual Studio Solution File, Format Version 12.00
# Visual Studio 14
VisualStudioVersion = 14.0.25420.1
MinimumVisualStudioVersion = 10.0.40219.1
Project("{E24C65DC-7377-472B-9ABA-BC803B73C61A}") = "DSCM", "DSCM\", "{3656B1A1-EAAB-4A1F-B144-7A21D490D7EE}"
	ProjectSection(WebsiteProperties) = preProject
		SccProjectName = "SAK"
		SccAuxPath = "SAK"
		SccLocalPath = "SAK"
		SccProvider = "SAK"
		TargetFrameworkMoniker = ".NETFramework,Version%3Dv4.5"
		ProjectReferences = "{E086D8CC-B0E5-4E1C-B672-AAE130A05ADE}|DSCM.Library.dll;{D189CD6E-B733-43D6-BCAB-6B99A1EA77A3}|DSCM.Model.dll;{B79755E1-4FEA-473F-B1B9-DC6121619CD6}|DSCM.Tool.dll;{05B8A0DC-9A45-4D80-A8A0-DE00D06C6105}|DSCM.Config.dll;{510048C3-3F5D-4B28-87D0-5DCAA036CEC7}|DSCM.Control.dll;{6F76055B-96C6-4386-BB5E-82C6ED6EE807}|DSCM.Page.dll;{1D6A74A4-C5FB-4AE0-B4CB-1743DB120B60}|DSCM.BLL.dll;{07730F85-E7B0-4ABD-9097-AE41F1795E6D}|DSCM.Backstage.dll;{6FEBEAD2-4FCB-4F3A-8884-1BFB74AE4BED}|DSCM.Web.dll;{93f5f788-b72c-4697-b014-f71887ceea65}|DSCM.Reception.dll;"
		Debug.AspNetCompiler.VirtualPath = "/DSCM"
		Debug.AspNetCompiler.PhysicalPath = "DSCM\"
		Debug.AspNetCompiler.TargetPath = "PrecompiledWeb\DSCM\"
		Debug.AspNetCompiler.Updateable = "true"
		Debug.AspNetCompiler.ForceOverwrite = "true"
		Debug.AspNetCompiler.FixedNames = "false"
		Debug.AspNetCompiler.Debug = "True"
		Release.AspNetCompiler.VirtualPath = "/DSCM"
		Release.AspNetCompiler.PhysicalPath = "DSCM\"
		Release.AspNetCompiler.TargetPath = "PrecompiledWeb\DSCM\"
		Release.AspNetCompiler.Updateable = "true"
		Release.AspNetCompiler.ForceOverwrite = "true"
		Release.AspNetCompiler.FixedNames = "false"
		Release.AspNetCompiler.Debug = "False"
		VWDPort = "54081"
		VWDVirtualPath = "/"
		SlnRelativePath = "DSCM\"
		DefaultWebSiteLanguage = "Visual C#"
	EndProjectSection
EndProject
Project("{FAE04EC0-301F-11D3-BF4B-00C04F79EFBC}") = "DSCM.Library", "DSCM.Library\DSCM.Library.csproj", "{E086D8CC-B0E5-4E1C-B672-AAE130A05ADE}"
EndProject
Project("{FAE04EC0-301F-11D3-BF4B-00C04F79EFBC}") = "DSCM.Tool", "DSCM.Tool\DSCM.Tool.csproj", "{B79755E1-4FEA-473F-B1B9-DC6121619CD6}"
EndProject
Project("{FAE04EC0-301F-11D3-BF4B-00C04F79EFBC}") = "DSCM.Model", "DSCM.Model\DSCM.Model.csproj", "{D189CD6E-B733-43D6-BCAB-6B99A1EA77A3}"
EndProject
Project("{FAE04EC0-301F-11D3-BF4B-00C04F79EFBC}") = "DSCM.Config", "DSCM.Config\DSCM.Config.csproj", "{05B8A0DC-9A45-4D80-A8A0-DE00D06C6105}"
EndProject
Project("{FAE04EC0-301F-11D3-BF4B-00C04F79EFBC}") = "DSCM.Control", "DSCM.Control\DSCM.Control.csproj", "{510048C3-3F5D-4B28-87D0-5DCAA036CEC7}"
EndProject
Project("{FAE04EC0-301F-11D3-BF4B-00C04F79EFBC}") = "DSCM.Page", "DSCM.Page\DSCM.Page.csproj", "{6F76055B-96C6-4386-BB5E-82C6ED6EE807}"
EndProject
Project("{FAE04EC0-301F-11D3-BF4B-00C04F79EFBC}") = "DSCM.BLL", "DSCM.BLL\DSCM.BLL.csproj", "{1D6A74A4-C5FB-4AE0-B4CB-1743DB120B60}"
EndProject
Project("{FAE04EC0-301F-11D3-BF4B-00C04F79EFBC}") = "DSCM.Backstage", "DSCM.Backstage\DSCM.Backstage.csproj", "{07730F85-E7B0-4ABD-9097-AE41F1795E6D}"
EndProject
Project("{FAE04EC0-301F-11D3-BF4B-00C04F79EFBC}") = "DSCM.Web", "DSCM.Web\DSCM.Web.csproj", "{6FEBEAD2-4FCB-4F3A-8884-1BFB74AE4BED}"
EndProject
Project("{FAE04EC0-301F-11D3-BF4B-00C04F79EFBC}") = "DSCM.Reception", "DSCM.Reception\DSCM.Reception.csproj", "{93F5F788-B72C-4697-B014-F71887CEEA65}"
EndProject
Global
	GlobalSection(SolutionConfigurationPlatforms) = preSolution
		Debug|Any CPU = Debug|Any CPU
		Release|Any CPU = Release|Any CPU
	EndGlobalSection
	GlobalSection(ProjectConfigurationPlatforms) = postSolution
		{3656B1A1-EAAB-4A1F-B144-7A21D490D7EE}.Debug|Any CPU.ActiveCfg = Debug|Any CPU
		{3656B1A1-EAAB-4A1F-B144-7A21D490D7EE}.Debug|Any CPU.Build.0 = Debug|Any CPU
		{3656B1A1-EAAB-4A1F-B144-7A21D490D7EE}.Release|Any CPU.ActiveCfg = Debug|Any CPU
		{3656B1A1-EAAB-4A1F-B144-7A21D490D7EE}.Release|Any CPU.Build.0 = Debug|Any CPU
		{E086D8CC-B0E5-4E1C-B672-AAE130A05ADE}.Debug|Any CPU.ActiveCfg = Debug|Any CPU
		{E086D8CC-B0E5-4E1C-B672-AAE130A05ADE}.Debug|Any CPU.Build.0 = Debug|Any CPU
		{E086D8CC-B0E5-4E1C-B672-AAE130A05ADE}.Release|Any CPU.ActiveCfg = Release|Any CPU
		{E086D8CC-B0E5-4E1C-B672-AAE130A05ADE}.Release|Any CPU.Build.0 = Release|Any CPU
		{B79755E1-4FEA-473F-B1B9-DC6121619CD6}.Debug|Any CPU.ActiveCfg = Debug|Any CPU
		{B79755E1-4FEA-473F-B1B9-DC6121619CD6}.Debug|Any CPU.Build.0 = Debug|Any CPU
		{B79755E1-4FEA-473F-B1B9-DC6121619CD6}.Release|Any CPU.ActiveCfg = Release|Any CPU
		{B79755E1-4FEA-473F-B1B9-DC6121619CD6}.Release|Any CPU.Build.0 = Release|Any CPU
		{D189CD6E-B733-43D6-BCAB-6B99A1EA77A3}.Debug|Any CPU.ActiveCfg = Debug|Any CPU
		{D189CD6E-B733-43D6-BCAB-6B99A1EA77A3}.Debug|Any CPU.Build.0 = Debug|Any CPU
		{D189CD6E-B733-43D6-BCAB-6B99A1EA77A3}.Release|Any CPU.ActiveCfg = Release|Any CPU
		{D189CD6E-B733-43D6-BCAB-6B99A1EA77A3}.Release|Any CPU.Build.0 = Release|Any CPU
		{05B8A0DC-9A45-4D80-A8A0-DE00D06C6105}.Debug|Any CPU.ActiveCfg = Debug|Any CPU
		{05B8A0DC-9A45-4D80-A8A0-DE00D06C6105}.Debug|Any CPU.Build.0 = Debug|Any CPU
		{05B8A0DC-9A45-4D80-A8A0-DE00D06C6105}.Release|Any CPU.ActiveCfg = Release|Any CPU
		{05B8A0DC-9A45-4D80-A8A0-DE00D06C6105}.Release|Any CPU.Build.0 = Release|Any CPU
		{510048C3-3F5D-4B28-87D0-5DCAA036CEC7}.Debug|Any CPU.ActiveCfg = Debug|Any CPU
		{510048C3-3F5D-4B28-87D0-5DCAA036CEC7}.Debug|Any CPU.Build.0 = Debug|Any CPU
		{510048C3-3F5D-4B28-87D0-5DCAA036CEC7}.Release|Any CPU.ActiveCfg = Release|Any CPU
		{510048C3-3F5D-4B28-87D0-5DCAA036CEC7}.Release|Any CPU.Build.0 = Release|Any CPU
		{6F76055B-96C6-4386-BB5E-82C6ED6EE807}.Debug|Any CPU.ActiveCfg = Debug|Any CPU
		{6F76055B-96C6-4386-BB5E-82C6ED6EE807}.Debug|Any CPU.Build.0 = Debug|Any CPU
		{6F76055B-96C6-4386-BB5E-82C6ED6EE807}.Release|Any CPU.ActiveCfg = Release|Any CPU
		{6F76055B-96C6-4386-BB5E-82C6ED6EE807}.Release|Any CPU.Build.0 = Release|Any CPU
		{1D6A74A4-C5FB-4AE0-B4CB-1743DB120B60}.Debug|Any CPU.ActiveCfg = Debug|Any CPU
		{1D6A74A4-C5FB-4AE0-B4CB-1743DB120B60}.Debug|Any CPU.Build.0 = Debug|Any CPU
		{1D6A74A4-C5FB-4AE0-B4CB-1743DB120B60}.Release|Any CPU.ActiveCfg = Release|Any CPU
		{1D6A74A4-C5FB-4AE0-B4CB-1743DB120B60}.Release|Any CPU.Build.0 = Release|Any CPU
		{07730F85-E7B0-4ABD-9097-AE41F1795E6D}.Debug|Any CPU.ActiveCfg = Debug|Any CPU
		{07730F85-E7B0-4ABD-9097-AE41F1795E6D}.Debug|Any CPU.Build.0 = Debug|Any CPU
		{07730F85-E7B0-4ABD-9097-AE41F1795E6D}.Release|Any CPU.ActiveCfg = Release|Any CPU
		{07730F85-E7B0-4ABD-9097-AE41F1795E6D}.Release|Any CPU.Build.0 = Release|Any CPU
		{6FEBEAD2-4FCB-4F3A-8884-1BFB74AE4BED}.Debug|Any CPU.ActiveCfg = Debug|Any CPU
		{6FEBEAD2-4FCB-4F3A-8884-1BFB74AE4BED}.Debug|Any CPU.Build.0 = Debug|Any CPU
		{6FEBEAD2-4FCB-4F3A-8884-1BFB74AE4BED}.Release|Any CPU.ActiveCfg = Release|Any CPU
		{6FEBEAD2-4FCB-4F3A-8884-1BFB74AE4BED}.Release|Any CPU.Build.0 = Release|Any CPU
		{93F5F788-B72C-4697-B014-F71887CEEA65}.Debug|Any CPU.ActiveCfg = Debug|Any CPU
		{93F5F788-B72C-4697-B014-F71887CEEA65}.Debug|Any CPU.Build.0 = Debug|Any CPU
		{93F5F788-B72C-4697-B014-F71887CEEA65}.Release|Any CPU.ActiveCfg = Release|Any CPU
		{93F5F788-B72C-4697-B014-F71887CEEA65}.Release|Any CPU.Build.0 = Release|Any CPU
	EndGlobalSection
	GlobalSection(SolutionProperties) = preSolution
		HideSolutionNode = FALSE
	EndGlobalSection
EndGlobal
